lockfileVersion: "9.0"

settings:
  autoInstallPeers: true
  excludeLinksFromLockfile: false

importers:
  .:
    dependencies:
      "@surplus/compiler":
        specifier: ^1.1.0
        version: 1.1.0
    devDependencies:
      prettier:
        specifier: ^3.6.2
        version: 3.6.2

packages:
  "@surplus/compiler@1.1.0":
    resolution:
      {
        integrity: sha512-2X/AnOqKxNWSf9mpr4yLU6XIq0DpllXP3HB+SnEw9BlmXQ3AYFyNtexbOta57XgvIYIY/SE8pouXca/AWrSUtg==,
      }

  prettier@3.6.2:
    resolution:
      {
        integrity: sha512-I7AIg5boAr5R0FFtJ6rCfD+LFsWHp81dolrFD8S79U9tb8Az2nGrJncnMSnys+bpQJfRUzqs9hnA81OAA3hCuQ==,
      }
    engines: { node: ">=14" }
    hasBin: true

snapshots:
  "@surplus/compiler@1.1.0": {}

  prettier@3.6.2: {}
